
Microsoft Visual Studio Solution File, Format Version 12.00
# Visual Studio Version 17
VisualStudioVersion = 17.4.33205.214
MinimumVisualStudioVersion = 10.0.40219.1
Project("{FAE04EC0-301F-11D3-BF4B-00C04F79EFBC}") = "Practical_1", "Practical_1\Practical_1.csproj", "{347F9D80-BF5F-4832-9704-201437596762}"
EndProject
Global
	GlobalSection(SolutionConfigurationPlatforms) = preSolution
		Debug|Any CPU = Debug|Any CPU
		Release|Any CPU = Release|Any CPU
	EndGlobalSection
	GlobalSection(ProjectConfigurationPlatforms) = postSolution
		{347F9D80-BF5F-4832-9704-201437596762}.Debug|Any CPU.ActiveCfg = Debug|Any CPU
		{347F9D80-BF5F-4832-9704-201437596762}.Debug|Any CPU.Build.0 = Debug|Any CPU
		{347F9D80-BF5F-4832-9704-201437596762}.Release|Any CPU.ActiveCfg = Release|Any CPU
		{347F9D80-BF5F-4832-9704-201437596762}.Release|Any CPU.Build.0 = Release|Any CPU
	EndGlobalSection
	GlobalSection(SolutionProperties) = preSolution
		HideSolutionNode = FALSE
	EndGlobalSection
	GlobalSection(ExtensibilityGlobals) = postSolution
		SolutionGuid = {8AB2B3A5-9264-4BD1-A880-54E91B4E7C8D}
	EndGlobalSection
EndGlobal
